
Microsoft Visual Studio Solution File, Format Version 12.00
# Visual Studio 15
VisualStudioVersion = 15.0.28307.1525
MinimumVisualStudioVersion = 10.0.40219.1
Project("{FAE04EC0-301F-11D3-BF4B-00C04F79EFBC}") = "Điemanh_NguyenLeMinh_26-4", "Điemanh_NguyenLeMinh_26-4.csproj", "{4427C505-744F-49B3-8A8F-70F1291EF3EC}"
EndProject
Global
	GlobalSection(SolutionConfigurationPlatforms) = preSolution
		Debug|Any CPU = Debug|Any CPU
		Release|Any CPU = Release|Any CPU
	EndGlobalSection
	GlobalSection(ProjectConfigurationPlatforms) = postSolution
		{4427C505-744F-49B3-8A8F-70F1291EF3EC}.Debug|Any CPU.ActiveCfg = Debug|Any CPU
		{4427C505-744F-49B3-8A8F-70F1291EF3EC}.Debug|Any CPU.Build.0 = Debug|Any CPU
		{4427C505-744F-49B3-8A8F-70F1291EF3EC}.Release|Any CPU.ActiveCfg = Release|Any CPU
		{4427C505-744F-49B3-8A8F-70F1291EF3EC}.Release|Any CPU.Build.0 = Release|Any CPU
	EndGlobalSection
	GlobalSection(SolutionProperties) = preSolution
		HideSolutionNode = FALSE
	EndGlobalSection
	GlobalSection(ExtensibilityGlobals) = postSolution
		SolutionGuid = {70503961-932D-42FB-A8D6-5E0E33391C8E}
	EndGlobalSection
EndGlobal
